
Microsoft Visual Studio Solution File, Format Version 12.00
# Visual Studio 15
Project("{FAE04EC0-301F-11D3-BF4B-00C04F79EFBC}") = "StudentTracker.Android", "StudentTracker.Android\StudentTracker.Android.csproj", "{CC0FB17C-8953-4D79-B874-FE1797B3B76E}"
EndProject
Project("{FAE04EC0-301F-11D3-BF4B-00C04F79EFBC}") = "StudentTracker.iOS", "StudentTracker.iOS\StudentTracker.iOS.csproj", "{C21C1FC4-2FC1-484B-B2E9-3A410D706720}"
EndProject
Project("{FAE04EC0-301F-11D3-BF4B-00C04F79EFBC}") = "StudentTracker", "StudentTracker\StudentTracker.csproj", "{C0573DB6-FF28-4120-8C84-09EE7A85790F}"
EndProject
Global
	GlobalSection(SolutionConfigurationPlatforms) = preSolution
		Debug|Any CPU = Debug|Any CPU
		Release|Any CPU = Release|Any CPU
		Debug|iPhoneSimulator = Debug|iPhoneSimulator
		Release|iPhoneSimulator = Release|iPhoneSimulator
		Debug|iPhone = Debug|iPhone
		Release|iPhone = Release|iPhone
	EndGlobalSection
	GlobalSection(ProjectConfigurationPlatforms) = postSolution
		{CC0FB17C-8953-4D79-B874-FE1797B3B76E}.Debug|Any CPU.ActiveCfg = Debug|Any CPU
		{CC0FB17C-8953-4D79-B874-FE1797B3B76E}.Debug|Any CPU.Build.0 = Debug|Any CPU
		{CC0FB17C-8953-4D79-B874-FE1797B3B76E}.Release|Any CPU.ActiveCfg = Release|Any CPU
		{CC0FB17C-8953-4D79-B874-FE1797B3B76E}.Release|Any CPU.Build.0 = Release|Any CPU
		{CC0FB17C-8953-4D79-B874-FE1797B3B76E}.Debug|iPhoneSimulator.ActiveCfg = Debug|Any CPU
		{CC0FB17C-8953-4D79-B874-FE1797B3B76E}.Debug|iPhoneSimulator.Build.0 = Debug|Any CPU
		{CC0FB17C-8953-4D79-B874-FE1797B3B76E}.Release|iPhoneSimulator.ActiveCfg = Release|Any CPU
		{CC0FB17C-8953-4D79-B874-FE1797B3B76E}.Release|iPhoneSimulator.Build.0 = Release|Any CPU
		{CC0FB17C-8953-4D79-B874-FE1797B3B76E}.Debug|iPhone.ActiveCfg = Debug|Any CPU
		{CC0FB17C-8953-4D79-B874-FE1797B3B76E}.Debug|iPhone.Build.0 = Debug|Any CPU
		{CC0FB17C-8953-4D79-B874-FE1797B3B76E}.Release|iPhone.ActiveCfg = Release|Any CPU
		{CC0FB17C-8953-4D79-B874-FE1797B3B76E}.Release|iPhone.Build.0 = Release|Any CPU
		{C21C1FC4-2FC1-484B-B2E9-3A410D706720}.Debug|Any CPU.ActiveCfg = Debug|iPhoneSimulator
		{C21C1FC4-2FC1-484B-B2E9-3A410D706720}.Debug|Any CPU.Build.0 = Debug|iPhoneSimulator
		{C21C1FC4-2FC1-484B-B2E9-3A410D706720}.Release|Any CPU.ActiveCfg = Release|iPhoneSimulator
		{C21C1FC4-2FC1-484B-B2E9-3A410D706720}.Release|Any CPU.Build.0 = Release|iPhoneSimulator
		{C21C1FC4-2FC1-484B-B2E9-3A410D706720}.Debug|iPhoneSimulator.ActiveCfg = Debug|iPhoneSimulator
		{C21C1FC4-2FC1-484B-B2E9-3A410D706720}.Debug|iPhoneSimulator.Build.0 = Debug|iPhoneSimulator
		{C21C1FC4-2FC1-484B-B2E9-3A410D706720}.Release|iPhoneSimulator.ActiveCfg = Release|iPhoneSimulator
		{C21C1FC4-2FC1-484B-B2E9-3A410D706720}.Release|iPhoneSimulator.Build.0 = Release|iPhoneSimulator
		{C21C1FC4-2FC1-484B-B2E9-3A410D706720}.Debug|iPhone.ActiveCfg = Debug|iPhone
		{C21C1FC4-2FC1-484B-B2E9-3A410D706720}.Debug|iPhone.Build.0 = Debug|iPhone
		{C21C1FC4-2FC1-484B-B2E9-3A410D706720}.Release|iPhone.ActiveCfg = Release|iPhone
		{C21C1FC4-2FC1-484B-B2E9-3A410D706720}.Release|iPhone.Build.0 = Release|iPhone
		{C0573DB6-FF28-4120-8C84-09EE7A85790F}.Debug|Any CPU.ActiveCfg = Debug|Any CPU
		{C0573DB6-FF28-4120-8C84-09EE7A85790F}.Debug|Any CPU.Build.0 = Debug|Any CPU
		{C0573DB6-FF28-4120-8C84-09EE7A85790F}.Release|Any CPU.ActiveCfg = Release|Any CPU
		{C0573DB6-FF28-4120-8C84-09EE7A85790F}.Release|Any CPU.Build.0 = Release|Any CPU
		{C0573DB6-FF28-4120-8C84-09EE7A85790F}.Debug|iPhoneSimulator.ActiveCfg = Debug|Any CPU
		{C0573DB6-FF28-4120-8C84-09EE7A85790F}.Debug|iPhoneSimulator.Build.0 = Debug|Any CPU
		{C0573DB6-FF28-4120-8C84-09EE7A85790F}.Release|iPhoneSimulator.ActiveCfg = Release|Any CPU
		{C0573DB6-FF28-4120-8C84-09EE7A85790F}.Release|iPhoneSimulator.Build.0 = Release|Any CPU
		{C0573DB6-FF28-4120-8C84-09EE7A85790F}.Debug|iPhone.ActiveCfg = Debug|Any CPU
		{C0573DB6-FF28-4120-8C84-09EE7A85790F}.Debug|iPhone.Build.0 = Debug|Any CPU
		{C0573DB6-FF28-4120-8C84-09EE7A85790F}.Release|iPhone.ActiveCfg = Release|Any CPU
		{C0573DB6-FF28-4120-8C84-09EE7A85790F}.Release|iPhone.Build.0 = Release|Any CPU
	EndGlobalSection
EndGlobal
